
Microsoft Visual Studio Solution File, Format Version 12.00
# Visual Studio Version 16
VisualStudioVersion = 16.0.29403.142
MinimumVisualStudioVersion = 10.0.40219.1
Project("{FAE04EC0-301F-11D3-BF4B-00C04F79EFBC}") = "Partyinvites", "Partyinvites\Partyinvites.csproj", "{374023A7-856F-4C68-A514-ECB74582B4B1}"
EndProject
Global
	GlobalSection(SolutionConfigurationPlatforms) = preSolution
		Debug|Any CPU = Debug|Any CPU
		Release|Any CPU = Release|Any CPU
	EndGlobalSection
	GlobalSection(ProjectConfigurationPlatforms) = postSolution
		{374023A7-856F-4C68-A514-ECB74582B4B1}.Debug|Any CPU.ActiveCfg = Debug|Any CPU
		{374023A7-856F-4C68-A514-ECB74582B4B1}.Debug|Any CPU.Build.0 = Debug|Any CPU
		{374023A7-856F-4C68-A514-ECB74582B4B1}.Release|Any CPU.ActiveCfg = Release|Any CPU
		{374023A7-856F-4C68-A514-ECB74582B4B1}.Release|Any CPU.Build.0 = Release|Any CPU
	EndGlobalSection
	GlobalSection(SolutionProperties) = preSolution
		HideSolutionNode = FALSE
	EndGlobalSection
	GlobalSection(ExtensibilityGlobals) = postSolution
		SolutionGuid = {3BB309FA-0752-48C9-B4F2-1559C5CE1CC1}
	EndGlobalSection
EndGlobal
